
Microsoft Visual Studio Solution File, Format Version 12.00
# Visual Studio Version 17
VisualStudioVersion = 17.5.33516.290
MinimumVisualStudioVersion = 10.0.40219.1
Project("{FAE04EC0-301F-11D3-BF4B-00C04F79EFBC}") = "LogsMonitoring.Web", "LogsMonitoring.Web.csproj", "{D6B449B3-0B48-46B6-9A1F-EE90A936AA07}"
EndProject
Global
	GlobalSection(SolutionConfigurationPlatforms) = preSolution
		Debug|Any CPU = Debug|Any CPU
		Release|Any CPU = Release|Any CPU
	EndGlobalSection
	GlobalSection(ProjectConfigurationPlatforms) = postSolution
		{D6B449B3-0B48-46B6-9A1F-EE90A936AA07}.Debug|Any CPU.ActiveCfg = Debug|Any CPU
		{D6B449B3-0B48-46B6-9A1F-EE90A936AA07}.Debug|Any CPU.Build.0 = Debug|Any CPU
		{D6B449B3-0B48-46B6-9A1F-EE90A936AA07}.Release|Any CPU.ActiveCfg = Release|Any CPU
		{D6B449B3-0B48-46B6-9A1F-EE90A936AA07}.Release|Any CPU.Build.0 = Release|Any CPU
	EndGlobalSection
	GlobalSection(SolutionProperties) = preSolution
		HideSolutionNode = FALSE
	EndGlobalSection
	GlobalSection(ExtensibilityGlobals) = postSolution
		SolutionGuid = {FB7C556A-B2E0-4F4E-B2B2-0FECE1710BC2}
	EndGlobalSection
EndGlobal
